
Microsoft Visual Studio Solution File, Format Version 12.00
# Visual Studio Version 17
VisualStudioVersion = 17.14.36915.13 d17.14
MinimumVisualStudioVersion = 10.0.40219.1
Project("{FAE04EC0-301F-11D3-BF4B-00C04F79EFBC}") = "ReliefSystem.API", "ReliefSystem.API\ReliefSystem.API.csproj", "{B4398087-9080-444D-A331-3D4D0247AF10}"
EndProject
Project("{FAE04EC0-301F-11D3-BF4B-00C04F79EFBC}") = "ReliefSystem.Web", "ReliefSystem.Web\ReliefSystem.Web.csproj", "{80FE16FF-8ACF-4B65-99B1-31757BC37841}"
EndProject
Project("{FAE04EC0-301F-11D3-BF4B-00C04F79EFBC}") = "ReliefSystem.Mobile", "ReliefSystem.Mobile\ReliefSystem.Mobile.csproj", "{EA2D9F5E-B7EB-4148-9E8E-C71B64E1B4B3}"
EndProject
Global
	GlobalSection(SolutionConfigurationPlatforms) = preSolution
		Debug|Any CPU = Debug|Any CPU
		Release|Any CPU = Release|Any CPU
	EndGlobalSection
	GlobalSection(ProjectConfigurationPlatforms) = postSolution
		{B4398087-9080-444D-A331-3D4D0247AF10}.Debug|Any CPU.ActiveCfg = Debug|Any CPU
		{B4398087-9080-444D-A331-3D4D0247AF10}.Debug|Any CPU.Build.0 = Debug|Any CPU
		{B4398087-9080-444D-A331-3D4D0247AF10}.Release|Any CPU.ActiveCfg = Release|Any CPU
		{B4398087-9080-444D-A331-3D4D0247AF10}.Release|Any CPU.Build.0 = Release|Any CPU
		{80FE16FF-8ACF-4B65-99B1-31757BC37841}.Debug|Any CPU.ActiveCfg = Debug|Any CPU
		{80FE16FF-8ACF-4B65-99B1-31757BC37841}.Debug|Any CPU.Build.0 = Debug|Any CPU
		{80FE16FF-8ACF-4B65-99B1-31757BC37841}.Release|Any CPU.ActiveCfg = Release|Any CPU
		{80FE16FF-8ACF-4B65-99B1-31757BC37841}.Release|Any CPU.Build.0 = Release|Any CPU
		{EA2D9F5E-B7EB-4148-9E8E-C71B64E1B4B3}.Debug|Any CPU.ActiveCfg = Debug|Any CPU
		{EA2D9F5E-B7EB-4148-9E8E-C71B64E1B4B3}.Debug|Any CPU.Build.0 = Debug|Any CPU
		{EA2D9F5E-B7EB-4148-9E8E-C71B64E1B4B3}.Release|Any CPU.ActiveCfg = Release|Any CPU
		{EA2D9F5E-B7EB-4148-9E8E-C71B64E1B4B3}.Release|Any CPU.Build.0 = Release|Any CPU
	EndGlobalSection
	GlobalSection(SolutionProperties) = preSolution
		HideSolutionNode = FALSE
	EndGlobalSection
	GlobalSection(ExtensibilityGlobals) = postSolution
		SolutionGuid = {01459693-1976-438B-9686-EDF30782C1CB}
	EndGlobalSection
EndGlobal
